{
  "requires": true,
  "lockfileVersion": 1,
  "dependencies": {
    "react-native-document-picker": {
      "version": "3.5.4",
      "resolved": "https://registry.npmjs.org/react-native-document-picker/-/react-native-document-picker-3.5.4.tgz",
      "integrity": "sha512-ZKGAa8ztQ7zA1eE95OCiNsI/Q6fiq1Q3es8MyOEakBkWcX9avWNYaJUrbv/8v80Vo4RzcNxsO3wT6a2hgfpz7A=="
    }
  }
}
